
Microsoft Visual Studio Solution File, Format Version 12.00
# Visual Studio Version 17
VisualStudioVersion = 17.9.34622.214
MinimumVisualStudioVersion = 10.0.40219.1
Project("{FAE04EC0-301F-11D3-BF4B-00C04F79EFBC}") = "ZebraDataWedge", "ZebraDataWedge.csproj", "{865F2B81-8E45-4BF9-9D3F-CFE0D1BAA19E}"
EndProject
Global
	GlobalSection(SolutionConfigurationPlatforms) = preSolution
		Debug|Any CPU = Debug|Any CPU
		Release|Any CPU = Release|Any CPU
	EndGlobalSection
	GlobalSection(ProjectConfigurationPlatforms) = postSolution
		{865F2B81-8E45-4BF9-9D3F-CFE0D1BAA19E}.Debug|Any CPU.ActiveCfg = Debug|Any CPU
		{865F2B81-8E45-4BF9-9D3F-CFE0D1BAA19E}.Debug|Any CPU.Build.0 = Debug|Any CPU
		{865F2B81-8E45-4BF9-9D3F-CFE0D1BAA19E}.Release|Any CPU.ActiveCfg = Release|Any CPU
		{865F2B81-8E45-4BF9-9D3F-CFE0D1BAA19E}.Release|Any CPU.Build.0 = Release|Any CPU
	EndGlobalSection
	GlobalSection(SolutionProperties) = preSolution
		HideSolutionNode = FALSE
	EndGlobalSection
	GlobalSection(ExtensibilityGlobals) = postSolution
		SolutionGuid = {B7573E6C-8023-43EB-976B-793F666D5BE5}
	EndGlobalSection
EndGlobal
